
Microsoft Visual Studio Solution File, Format Version 12.00
# Visual Studio Version 17
VisualStudioVersion = 17.3.32929.385
MinimumVisualStudioVersion = 10.0.40219.1
Project("{9A19103F-16F7-4668-BE54-9A1E7A4F7556}") = "GroupProject", "GroupProject\GroupProject.csproj", "{BC346A9E-A84B-458B-98AF-2B755475DFA5}"
EndProject
Project("{FAE04EC0-301F-11D3-BF4B-00C04F79EFBC}") = "GroupProject.test", "GroupProject.test\GroupProject.test.csproj", "{50B4A380-0C23-438B-B80D-69EF84DDA2BA}"
EndProject
Global
	GlobalSection(SolutionConfigurationPlatforms) = preSolution
		Debug|Any CPU = Debug|Any CPU
		Release|Any CPU = Release|Any CPU
	EndGlobalSection
	GlobalSection(ProjectConfigurationPlatforms) = postSolution
		{BC346A9E-A84B-458B-98AF-2B755475DFA5}.Debug|Any CPU.ActiveCfg = Debug|Any CPU
		{BC346A9E-A84B-458B-98AF-2B755475DFA5}.Debug|Any CPU.Build.0 = Debug|Any CPU
		{BC346A9E-A84B-458B-98AF-2B755475DFA5}.Release|Any CPU.ActiveCfg = Release|Any CPU
		{BC346A9E-A84B-458B-98AF-2B755475DFA5}.Release|Any CPU.Build.0 = Release|Any CPU
		{50B4A380-0C23-438B-B80D-69EF84DDA2BA}.Debug|Any CPU.ActiveCfg = Debug|Any CPU
		{50B4A380-0C23-438B-B80D-69EF84DDA2BA}.Debug|Any CPU.Build.0 = Debug|Any CPU
		{50B4A380-0C23-438B-B80D-69EF84DDA2BA}.Release|Any CPU.ActiveCfg = Release|Any CPU
		{50B4A380-0C23-438B-B80D-69EF84DDA2BA}.Release|Any CPU.Build.0 = Release|Any CPU
	EndGlobalSection
	GlobalSection(SolutionProperties) = preSolution
		HideSolutionNode = FALSE
	EndGlobalSection
	GlobalSection(ExtensibilityGlobals) = postSolution
		SolutionGuid = {6FD8C811-66EE-4F6A-8ECB-341C4EE5D7BB}
	EndGlobalSection
EndGlobal
